
Microsoft Visual Studio Solution File, Format Version 12.00
# Visual Studio Version 17
VisualStudioVersion = 17.11.35327.3
MinimumVisualStudioVersion = 10.0.40219.1
Project("{FAE04EC0-301F-11D3-BF4B-00C04F79EFBC}") = "MauiAppHotel", "MauiAppHotel\MauiAppHotel.csproj", "{0B6AF1AC-5AB6-4802-9FA8-586C133D373D}"
EndProject
Global
	GlobalSection(SolutionConfigurationPlatforms) = preSolution
		Debug|Any CPU = Debug|Any CPU
		Release|Any CPU = Release|Any CPU
	EndGlobalSection
	GlobalSection(ProjectConfigurationPlatforms) = postSolution
		{0B6AF1AC-5AB6-4802-9FA8-586C133D373D}.Debug|Any CPU.ActiveCfg = Debug|Any CPU
		{0B6AF1AC-5AB6-4802-9FA8-586C133D373D}.Debug|Any CPU.Build.0 = Debug|Any CPU
		{0B6AF1AC-5AB6-4802-9FA8-586C133D373D}.Debug|Any CPU.Deploy.0 = Debug|Any CPU
		{0B6AF1AC-5AB6-4802-9FA8-586C133D373D}.Release|Any CPU.ActiveCfg = Release|Any CPU
		{0B6AF1AC-5AB6-4802-9FA8-586C133D373D}.Release|Any CPU.Build.0 = Release|Any CPU
		{0B6AF1AC-5AB6-4802-9FA8-586C133D373D}.Release|Any CPU.Deploy.0 = Release|Any CPU
	EndGlobalSection
	GlobalSection(SolutionProperties) = preSolution
		HideSolutionNode = FALSE
	EndGlobalSection
	GlobalSection(ExtensibilityGlobals) = postSolution
		SolutionGuid = {C8280E06-72CA-426C-92DC-AFABB3A85F52}
	EndGlobalSection
EndGlobal
